
Microsoft Visual Studio Solution File, Format Version 12.00
# Visual Studio Version 17
VisualStudioVersion = 17.5.33414.496
MinimumVisualStudioVersion = 10.0.40219.1
Project("{FAE04EC0-301F-11D3-BF4B-00C04F79EFBC}") = "JenkinsAPI", "JenkinsAPI\JenkinsAPI.csproj", "{FCDD987D-C7DB-4D6E-B93A-39B63C03E14E}"
EndProject
Project("{FAE04EC0-301F-11D3-BF4B-00C04F79EFBC}") = "JenkinsAPITest", "JenkinsAPITest\JenkinsAPITest.csproj", "{469B2C55-59CB-4E98-A8FE-12F98F3821FE}"
EndProject
Global
	GlobalSection(SolutionConfigurationPlatforms) = preSolution
		Debug|Any CPU = Debug|Any CPU
		Release|Any CPU = Release|Any CPU
	EndGlobalSection
	GlobalSection(ProjectConfigurationPlatforms) = postSolution
		{FCDD987D-C7DB-4D6E-B93A-39B63C03E14E}.Debug|Any CPU.ActiveCfg = Debug|Any CPU
		{FCDD987D-C7DB-4D6E-B93A-39B63C03E14E}.Debug|Any CPU.Build.0 = Debug|Any CPU
		{FCDD987D-C7DB-4D6E-B93A-39B63C03E14E}.Release|Any CPU.ActiveCfg = Release|Any CPU
		{FCDD987D-C7DB-4D6E-B93A-39B63C03E14E}.Release|Any CPU.Build.0 = Release|Any CPU
		{469B2C55-59CB-4E98-A8FE-12F98F3821FE}.Debug|Any CPU.ActiveCfg = Debug|Any CPU
		{469B2C55-59CB-4E98-A8FE-12F98F3821FE}.Debug|Any CPU.Build.0 = Debug|Any CPU
		{469B2C55-59CB-4E98-A8FE-12F98F3821FE}.Release|Any CPU.ActiveCfg = Release|Any CPU
		{469B2C55-59CB-4E98-A8FE-12F98F3821FE}.Release|Any CPU.Build.0 = Release|Any CPU
	EndGlobalSection
	GlobalSection(SolutionProperties) = preSolution
		HideSolutionNode = FALSE
	EndGlobalSection
	GlobalSection(ExtensibilityGlobals) = postSolution
		SolutionGuid = {1CB43221-7C07-4CA2-B561-5A4CE795F894}
	EndGlobalSection
EndGlobal
